
Microsoft Visual Studio Solution File, Format Version 12.00
# Visual Studio Version 17
VisualStudioVersion = 17.7.34031.279
MinimumVisualStudioVersion = 10.0.40219.1
Project("{FAE04EC0-301F-11D3-BF4B-00C04F79EFBC}") = "DemoSqlInjection", "DemoSqlInjection\DemoSqlInjection.csproj", "{37027759-4314-47F0-998A-0C2DE1D043B0}"
EndProject
Global
	GlobalSection(SolutionConfigurationPlatforms) = preSolution
		Debug|Any CPU = Debug|Any CPU
		Release|Any CPU = Release|Any CPU
	EndGlobalSection
	GlobalSection(ProjectConfigurationPlatforms) = postSolution
		{37027759-4314-47F0-998A-0C2DE1D043B0}.Debug|Any CPU.ActiveCfg = Debug|Any CPU
		{37027759-4314-47F0-998A-0C2DE1D043B0}.Debug|Any CPU.Build.0 = Debug|Any CPU
		{37027759-4314-47F0-998A-0C2DE1D043B0}.Release|Any CPU.ActiveCfg = Release|Any CPU
		{37027759-4314-47F0-998A-0C2DE1D043B0}.Release|Any CPU.Build.0 = Release|Any CPU
	EndGlobalSection
	GlobalSection(SolutionProperties) = preSolution
		HideSolutionNode = FALSE
	EndGlobalSection
	GlobalSection(ExtensibilityGlobals) = postSolution
		SolutionGuid = {C702CA9A-DC9F-401C-BF6D-1ACB3F18377C}
	EndGlobalSection
EndGlobal
